{
  "name": "Avatar Addon V9 BP",
  "lockfileVersion": 2,
  "requires": true,
  "packages": {
    "": {
      "dependencies": {
        "@types/mojang-gametest": "^0.1.6",
        "@types/@minecraft/server": "^0.1.7"
      }
    },
    "node_modules/@types/mojang-gametest": {
      "version": "0.1.6",
      "resolved": "https://registry.npmjs.org/@types/mojang-gametest/-/mojang-gametest-0.1.6.tgz",
      "integrity": "sha512-voKbkQ4vZflFKUld/Gg32AFy1bWhIpSdOrJVtB7ciFZpMmnFWMtbN6Y/ek2DegAWhLk1Q/OS1wICZ7ZJgpnbmg==",
      "dependencies": {
        "@types/@minecraft/server": "*"
      }
    },
    "node_modules/@types/@minecraft/server": {
      "version": "0.1.7",
      "resolved": "https://registry.npmjs.org/@types/@minecraft/server/-/@minecraft/server-0.1.7.tgz",
      "integrity": "sha512-7YkG0SQYJCaqSm6J2SOHpnVjFJXzrx55Jc9FYUM7u/J7LIxnPhG3BKX85S50YLFYqgTFHW0wlBBx9oLLM0oP6A=="
    }
  },
  "dependencies": {
    "@types/mojang-gametest": {
      "version": "0.1.6",
      "resolved": "https://registry.npmjs.org/@types/mojang-gametest/-/mojang-gametest-0.1.6.tgz",
      "integrity": "sha512-voKbkQ4vZflFKUld/Gg32AFy1bWhIpSdOrJVtB7ciFZpMmnFWMtbN6Y/ek2DegAWhLk1Q/OS1wICZ7ZJgpnbmg==",
      "requires": {
        "@types/@minecraft/server": "*"
      }
    },
    "@types/@minecraft/server": {
      "version": "0.1.7",
      "resolved": "https://registry.npmjs.org/@types/@minecraft/server/-/@minecraft/server-0.1.7.tgz",
      "integrity": "sha512-7YkG0SQYJCaqSm6J2SOHpnVjFJXzrx55Jc9FYUM7u/J7LIxnPhG3BKX85S50YLFYqgTFHW0wlBBx9oLLM0oP6A=="
    }
  }
}
